
Microsoft Visual Studio Solution File, Format Version 12.00
# Visual Studio Version 16
VisualStudioVersion = 16.0.31424.327
MinimumVisualStudioVersion = 10.0.40219.1
Project("{FAE04EC0-301F-11D3-BF4B-00C04F79EFBC}") = "BankTech_API_V1", "BankTech_API_V1\BankTech_API_V1.csproj", "{FF1055F4-D8A8-43FD-A0C2-28D4BB4F0E5E}"
EndProject
Global
	GlobalSection(SolutionConfigurationPlatforms) = preSolution
		Debug|Any CPU = Debug|Any CPU
		Release|Any CPU = Release|Any CPU
	EndGlobalSection
	GlobalSection(ProjectConfigurationPlatforms) = postSolution
		{FF1055F4-D8A8-43FD-A0C2-28D4BB4F0E5E}.Debug|Any CPU.ActiveCfg = Debug|Any CPU
		{FF1055F4-D8A8-43FD-A0C2-28D4BB4F0E5E}.Debug|Any CPU.Build.0 = Debug|Any CPU
		{FF1055F4-D8A8-43FD-A0C2-28D4BB4F0E5E}.Release|Any CPU.ActiveCfg = Release|Any CPU
		{FF1055F4-D8A8-43FD-A0C2-28D4BB4F0E5E}.Release|Any CPU.Build.0 = Release|Any CPU
	EndGlobalSection
	GlobalSection(SolutionProperties) = preSolution
		HideSolutionNode = FALSE
	EndGlobalSection
	GlobalSection(ExtensibilityGlobals) = postSolution
		SolutionGuid = {E3406956-FAF4-4FD0-A708-DC11700F3030}
	EndGlobalSection
EndGlobal
